
Microsoft Visual Studio Solution File, Format Version 12.00
Project("{FAE04EC0-301F-11D3-BF4B-00C04F79EFBC}") = "Assignment1", "Assignment1.csproj", "{3C4DC881-6BC2-4A46-B812-FF391B01065C}"
EndProject
Global
	GlobalSection(SolutionConfigurationPlatforms) = preSolution
		Debug|Any CPU = Debug|Any CPU
		Release|Any CPU = Release|Any CPU
	EndGlobalSection
	GlobalSection(ProjectConfigurationPlatforms) = postSolution
		{3C4DC881-6BC2-4A46-B812-FF391B01065C}.Debug|Any CPU.ActiveCfg = Debug|Any CPU
		{3C4DC881-6BC2-4A46-B812-FF391B01065C}.Debug|Any CPU.Build.0 = Debug|Any CPU
		{3C4DC881-6BC2-4A46-B812-FF391B01065C}.Release|Any CPU.ActiveCfg = Release|Any CPU
		{3C4DC881-6BC2-4A46-B812-FF391B01065C}.Release|Any CPU.Build.0 = Release|Any CPU
	EndGlobalSection
EndGlobal
